
Microsoft Visual Studio Solution File, Format Version 12.00
# Visual Studio 15
VisualStudioVersion = 15.0.28307.168
MinimumVisualStudioVersion = 10.0.40219.1
Project("{FAE04EC0-301F-11D3-BF4B-00C04F79EFBC}") = "PopTheHood", "PopTheHood\PopTheHood.csproj", "{FA9A630D-9D71-4CE4-A812-1C9893D36153}"
EndProject
Global
	GlobalSection(SolutionConfigurationPlatforms) = preSolution
		Debug|Any CPU = Debug|Any CPU
		Release|Any CPU = Release|Any CPU
	EndGlobalSection
	GlobalSection(ProjectConfigurationPlatforms) = postSolution
		{FA9A630D-9D71-4CE4-A812-1C9893D36153}.Debug|Any CPU.ActiveCfg = Debug|Any CPU
		{FA9A630D-9D71-4CE4-A812-1C9893D36153}.Debug|Any CPU.Build.0 = Debug|Any CPU
		{FA9A630D-9D71-4CE4-A812-1C9893D36153}.Release|Any CPU.ActiveCfg = Release|Any CPU
		{FA9A630D-9D71-4CE4-A812-1C9893D36153}.Release|Any CPU.Build.0 = Release|Any CPU
	EndGlobalSection
	GlobalSection(SolutionProperties) = preSolution
		HideSolutionNode = FALSE
	EndGlobalSection
	GlobalSection(ExtensibilityGlobals) = postSolution
		SolutionGuid = {8AA27409-CFE5-4B7A-A288-3EBE7789BC8F}
	EndGlobalSection
EndGlobal
